
Microsoft Visual Studio Solution File, Format Version 12.00
# Visual Studio 15
VisualStudioVersion = 15.0.27703.2047
MinimumVisualStudioVersion = 10.0.40219.1
Project("{FAE04EC0-301F-11D3-BF4B-00C04F79EFBC}") = "AppTiendaVirtual", "AppTiendaVirtual\AppTiendaVirtual.csproj", "{43458ADD-B906-4D9C-8E4A-C9B8DCA22CA3}"
EndProject
Project("{FAE04EC0-301F-11D3-BF4B-00C04F79EFBC}") = "Modelo", "Modelo\Modelo.csproj", "{107CBDE6-8E60-42CF-B568-14E387EA0316}"
EndProject
Project("{FAE04EC0-301F-11D3-BF4B-00C04F79EFBC}") = "Controlador", "Controlador\Controlador.csproj", "{82FBB5CB-7665-4C98-8BBD-B0666D742FEE}"
EndProject
Global
	GlobalSection(SolutionConfigurationPlatforms) = preSolution
		Debug|Any CPU = Debug|Any CPU
		Release|Any CPU = Release|Any CPU
	EndGlobalSection
	GlobalSection(ProjectConfigurationPlatforms) = postSolution
		{43458ADD-B906-4D9C-8E4A-C9B8DCA22CA3}.Debug|Any CPU.ActiveCfg = Debug|Any CPU
		{43458ADD-B906-4D9C-8E4A-C9B8DCA22CA3}.Debug|Any CPU.Build.0 = Debug|Any CPU
		{43458ADD-B906-4D9C-8E4A-C9B8DCA22CA3}.Release|Any CPU.ActiveCfg = Release|Any CPU
		{43458ADD-B906-4D9C-8E4A-C9B8DCA22CA3}.Release|Any CPU.Build.0 = Release|Any CPU
		{107CBDE6-8E60-42CF-B568-14E387EA0316}.Debug|Any CPU.ActiveCfg = Debug|Any CPU
		{107CBDE6-8E60-42CF-B568-14E387EA0316}.Debug|Any CPU.Build.0 = Debug|Any CPU
		{107CBDE6-8E60-42CF-B568-14E387EA0316}.Release|Any CPU.ActiveCfg = Release|Any CPU
		{107CBDE6-8E60-42CF-B568-14E387EA0316}.Release|Any CPU.Build.0 = Release|Any CPU
		{82FBB5CB-7665-4C98-8BBD-B0666D742FEE}.Debug|Any CPU.ActiveCfg = Debug|Any CPU
		{82FBB5CB-7665-4C98-8BBD-B0666D742FEE}.Debug|Any CPU.Build.0 = Debug|Any CPU
		{82FBB5CB-7665-4C98-8BBD-B0666D742FEE}.Release|Any CPU.ActiveCfg = Release|Any CPU
		{82FBB5CB-7665-4C98-8BBD-B0666D742FEE}.Release|Any CPU.Build.0 = Release|Any CPU
	EndGlobalSection
	GlobalSection(SolutionProperties) = preSolution
		HideSolutionNode = FALSE
	EndGlobalSection
	GlobalSection(ExtensibilityGlobals) = postSolution
		SolutionGuid = {55F1EDD6-BEC4-4E1E-AAF6-3B9CD856F35E}
	EndGlobalSection
EndGlobal
